
Microsoft Visual Studio Solution File, Format Version 12.00
# Visual Studio Version 17
VisualStudioVersion = 17.9.34622.214
MinimumVisualStudioVersion = 10.0.40219.1
Project("{9A19103F-16F7-4668-BE54-9A1E7A4F7556}") = "APSAS", "APSAS\APSAS.csproj", "{6CFD081C-7F24-462D-A4A8-50EFA9DC5E0A}"
EndProject
Project("{9A19103F-16F7-4668-BE54-9A1E7A4F7556}") = "UserService", "UserService\UserService.csproj", "{5C90700C-D97B-4199-8129-AF2520831252}"
EndProject
Project("{9A19103F-16F7-4668-BE54-9A1E7A4F7556}") = "SubmissionService", "SubmissionService\SubmissionService.csproj", "{459D7349-0F45-46D5-B98C-55ACA30D168A}"
EndProject
Project("{9A19103F-16F7-4668-BE54-9A1E7A4F7556}") = "AssignmentService", "AssignmentService\AssignmentService.csproj", "{4C1D96E5-54CB-4156-A678-1C4E5B1E99AB}"
EndProject
Project("{9A19103F-16F7-4668-BE54-9A1E7A4F7556}") = "ShareLibrary", "ShareLibrary\ShareLibrary.csproj", "{975CACB6-FA32-424E-8073-BA0EC722AF19}"
EndProject
<<<<<<< HEAD
Project("{9A19103F-16F7-4668-BE54-9A1E7A4F7556}") = "AdminService", "AdminService\AdminService.csproj", "{64278242-82AF-4DE5-A7B7-676EAD467341}"
EndProject
Project("{9A19103F-16F7-4668-BE54-9A1E7A4F7556}") = "FeedbackService", "FeedbackService\FeedbackService.csproj", "{9E450816-43DE-4879-A094-BCFBCCBBFA30}"
EndProject
Project("{9A19103F-16F7-4668-BE54-9A1E7A4F7556}") = "NotificationService", "NotificationService\NotificationService.csproj", "{F8B77F26-CCDB-450E-8364-1BC3CA53CFEF}"
=======
Project("{FAE04EC0-301F-11D3-BF4B-00C04F79EFBC}") = "AdminService", "AdminService\AdminService.csproj", "{64278242-82AF-4DE5-A7B7-676EAD467341}"
EndProject
Project("{FAE04EC0-301F-11D3-BF4B-00C04F79EFBC}") = "FeedbackService", "FeedbackService\FeedbackService.csproj", "{9E450816-43DE-4879-A094-BCFBCCBBFA30}"
EndProject
Project("{FAE04EC0-301F-11D3-BF4B-00C04F79EFBC}") = "NotificationService", "NotificationService\NotificationService.csproj", "{F8B77F26-CCDB-450E-8364-1BC3CA53CFEF}"
>>>>>>> trinh
EndProject
Global
	GlobalSection(SolutionConfigurationPlatforms) = preSolution
		Debug|Any CPU = Debug|Any CPU
		Release|Any CPU = Release|Any CPU
	EndGlobalSection
	GlobalSection(ProjectConfigurationPlatforms) = postSolution
		{6CFD081C-7F24-462D-A4A8-50EFA9DC5E0A}.Debug|Any CPU.ActiveCfg = Debug|Any CPU
		{6CFD081C-7F24-462D-A4A8-50EFA9DC5E0A}.Debug|Any CPU.Build.0 = Debug|Any CPU
		{6CFD081C-7F24-462D-A4A8-50EFA9DC5E0A}.Release|Any CPU.ActiveCfg = Release|Any CPU
		{6CFD081C-7F24-462D-A4A8-50EFA9DC5E0A}.Release|Any CPU.Build.0 = Release|Any CPU
		{5C90700C-D97B-4199-8129-AF2520831252}.Debug|Any CPU.ActiveCfg = Debug|Any CPU
		{5C90700C-D97B-4199-8129-AF2520831252}.Debug|Any CPU.Build.0 = Debug|Any CPU
		{5C90700C-D97B-4199-8129-AF2520831252}.Release|Any CPU.ActiveCfg = Release|Any CPU
		{5C90700C-D97B-4199-8129-AF2520831252}.Release|Any CPU.Build.0 = Release|Any CPU
		{459D7349-0F45-46D5-B98C-55ACA30D168A}.Debug|Any CPU.ActiveCfg = Debug|Any CPU
		{459D7349-0F45-46D5-B98C-55ACA30D168A}.Debug|Any CPU.Build.0 = Debug|Any CPU
		{459D7349-0F45-46D5-B98C-55ACA30D168A}.Release|Any CPU.ActiveCfg = Release|Any CPU
		{459D7349-0F45-46D5-B98C-55ACA30D168A}.Release|Any CPU.Build.0 = Release|Any CPU
		{4C1D96E5-54CB-4156-A678-1C4E5B1E99AB}.Debug|Any CPU.ActiveCfg = Debug|Any CPU
		{4C1D96E5-54CB-4156-A678-1C4E5B1E99AB}.Debug|Any CPU.Build.0 = Debug|Any CPU
		{4C1D96E5-54CB-4156-A678-1C4E5B1E99AB}.Release|Any CPU.ActiveCfg = Release|Any CPU
		{4C1D96E5-54CB-4156-A678-1C4E5B1E99AB}.Release|Any CPU.Build.0 = Release|Any CPU
		{975CACB6-FA32-424E-8073-BA0EC722AF19}.Debug|Any CPU.ActiveCfg = Debug|Any CPU
		{975CACB6-FA32-424E-8073-BA0EC722AF19}.Debug|Any CPU.Build.0 = Debug|Any CPU
		{975CACB6-FA32-424E-8073-BA0EC722AF19}.Release|Any CPU.ActiveCfg = Release|Any CPU
		{975CACB6-FA32-424E-8073-BA0EC722AF19}.Release|Any CPU.Build.0 = Release|Any CPU
		{64278242-82AF-4DE5-A7B7-676EAD467341}.Debug|Any CPU.ActiveCfg = Debug|Any CPU
		{64278242-82AF-4DE5-A7B7-676EAD467341}.Debug|Any CPU.Build.0 = Debug|Any CPU
		{64278242-82AF-4DE5-A7B7-676EAD467341}.Release|Any CPU.ActiveCfg = Release|Any CPU
		{64278242-82AF-4DE5-A7B7-676EAD467341}.Release|Any CPU.Build.0 = Release|Any CPU
		{9E450816-43DE-4879-A094-BCFBCCBBFA30}.Debug|Any CPU.ActiveCfg = Debug|Any CPU
		{9E450816-43DE-4879-A094-BCFBCCBBFA30}.Debug|Any CPU.Build.0 = Debug|Any CPU
		{9E450816-43DE-4879-A094-BCFBCCBBFA30}.Release|Any CPU.ActiveCfg = Release|Any CPU
		{9E450816-43DE-4879-A094-BCFBCCBBFA30}.Release|Any CPU.Build.0 = Release|Any CPU
		{F8B77F26-CCDB-450E-8364-1BC3CA53CFEF}.Debug|Any CPU.ActiveCfg = Debug|Any CPU
		{F8B77F26-CCDB-450E-8364-1BC3CA53CFEF}.Debug|Any CPU.Build.0 = Debug|Any CPU
		{F8B77F26-CCDB-450E-8364-1BC3CA53CFEF}.Release|Any CPU.ActiveCfg = Release|Any CPU
		{F8B77F26-CCDB-450E-8364-1BC3CA53CFEF}.Release|Any CPU.Build.0 = Release|Any CPU
	EndGlobalSection
	GlobalSection(SolutionProperties) = preSolution
		HideSolutionNode = FALSE
	EndGlobalSection
	GlobalSection(ExtensibilityGlobals) = postSolution
		SolutionGuid = {FD14D914-0213-4084-B136-DE5749403F79}
	EndGlobalSection
EndGlobal
